
Microsoft Visual Studio Solution File, Format Version 12.00
# Visual Studio Version 17
VisualStudioVersion = 17.10.35013.160
MinimumVisualStudioVersion = 10.0.40219.1
Project("{2150E333-8FDC-42A3-9474-1A3956D46DE8}") = "src", "src", "{9745DF0D-03B1-45F6-9606-B427C713935B}"
EndProject
Project("{2150E333-8FDC-42A3-9474-1A3956D46DE8}") = "Infrastructure", "Infrastructure", "{8E84E2A2-E960-4A7C-B00C-A54C5B49F90E}"
EndProject
Project("{9A19103F-16F7-4668-BE54-9A1E7A4F7556}") = "SecondTask.Infrastructure", "src\Infrastructure\SecondTask.Infrastructure\SecondTask.Infrastructure.csproj", "{20DFFE6A-243B-4F84-9691-341B8BF20ED5}"
EndProject
Project("{2150E333-8FDC-42A3-9474-1A3956D46DE8}") = "Domain", "Domain", "{0E2C8FF1-6EA7-4642-8531-CB4397A71B80}"
EndProject
Project("{9A19103F-16F7-4668-BE54-9A1E7A4F7556}") = "SecondTask.Domain", "src\Domain\SecondTask.Domain\SecondTask.Domain.csproj", "{AB70D5BF-C35E-49D9-A469-F31FF407844E}"
EndProject
Project("{2150E333-8FDC-42A3-9474-1A3956D46DE8}") = "Application", "Application", "{A6163AFC-EE30-4A68-9334-2ACA3DFAFEDB}"
EndProject
Project("{9A19103F-16F7-4668-BE54-9A1E7A4F7556}") = "SeconTask.Application", "src\Application\SeconTask.Application\SeconTask.Application.csproj", "{C6DAFEF7-2AD5-478D-B56A-685904CEE87F}"
EndProject
Project("{2150E333-8FDC-42A3-9474-1A3956D46DE8}") = "Web", "Web", "{1328BDDF-7DD0-4198-BF0C-916F98B59177}"
EndProject
Project("{2150E333-8FDC-42A3-9474-1A3956D46DE8}") = "database", "database", "{0B45BE25-DA7A-4A77-BC94-7443BC577E35}"
EndProject
Project("{FAE04EC0-301F-11D3-BF4B-00C04F79EFBC}") = "SecondTask.Web.Server", "src\Web\SecondTask.Web\SecondTask.Web.Server\SecondTask.Web.Server.csproj", "{15241B39-9877-47F2-ADCB-CA0F588D9E7F}"
EndProject
Project("{54A90642-561A-4BB1-A94E-469ADEE60C69}") = "secondtask.web.client", "src\Web\SecondTask.Web\secondtask.web.client\secondtask.web.client.esproj", "{1AB4A33C-A171-4B7E-84E1-635B4249B4CC}"
EndProject
Global
	GlobalSection(SolutionConfigurationPlatforms) = preSolution
		Debug|Any CPU = Debug|Any CPU
		Release|Any CPU = Release|Any CPU
	EndGlobalSection
	GlobalSection(ProjectConfigurationPlatforms) = postSolution
		{20DFFE6A-243B-4F84-9691-341B8BF20ED5}.Debug|Any CPU.ActiveCfg = Debug|Any CPU
		{20DFFE6A-243B-4F84-9691-341B8BF20ED5}.Debug|Any CPU.Build.0 = Debug|Any CPU
		{20DFFE6A-243B-4F84-9691-341B8BF20ED5}.Release|Any CPU.ActiveCfg = Release|Any CPU
		{20DFFE6A-243B-4F84-9691-341B8BF20ED5}.Release|Any CPU.Build.0 = Release|Any CPU
		{AB70D5BF-C35E-49D9-A469-F31FF407844E}.Debug|Any CPU.ActiveCfg = Debug|Any CPU
		{AB70D5BF-C35E-49D9-A469-F31FF407844E}.Debug|Any CPU.Build.0 = Debug|Any CPU
		{AB70D5BF-C35E-49D9-A469-F31FF407844E}.Release|Any CPU.ActiveCfg = Release|Any CPU
		{AB70D5BF-C35E-49D9-A469-F31FF407844E}.Release|Any CPU.Build.0 = Release|Any CPU
		{C6DAFEF7-2AD5-478D-B56A-685904CEE87F}.Debug|Any CPU.ActiveCfg = Debug|Any CPU
		{C6DAFEF7-2AD5-478D-B56A-685904CEE87F}.Debug|Any CPU.Build.0 = Debug|Any CPU
		{C6DAFEF7-2AD5-478D-B56A-685904CEE87F}.Release|Any CPU.ActiveCfg = Release|Any CPU
		{C6DAFEF7-2AD5-478D-B56A-685904CEE87F}.Release|Any CPU.Build.0 = Release|Any CPU
		{15241B39-9877-47F2-ADCB-CA0F588D9E7F}.Debug|Any CPU.ActiveCfg = Debug|Any CPU
		{15241B39-9877-47F2-ADCB-CA0F588D9E7F}.Debug|Any CPU.Build.0 = Debug|Any CPU
		{15241B39-9877-47F2-ADCB-CA0F588D9E7F}.Release|Any CPU.ActiveCfg = Release|Any CPU
		{15241B39-9877-47F2-ADCB-CA0F588D9E7F}.Release|Any CPU.Build.0 = Release|Any CPU
		{1AB4A33C-A171-4B7E-84E1-635B4249B4CC}.Debug|Any CPU.ActiveCfg = Debug|Any CPU
		{1AB4A33C-A171-4B7E-84E1-635B4249B4CC}.Debug|Any CPU.Build.0 = Debug|Any CPU
		{1AB4A33C-A171-4B7E-84E1-635B4249B4CC}.Debug|Any CPU.Deploy.0 = Debug|Any CPU
		{1AB4A33C-A171-4B7E-84E1-635B4249B4CC}.Release|Any CPU.ActiveCfg = Release|Any CPU
		{1AB4A33C-A171-4B7E-84E1-635B4249B4CC}.Release|Any CPU.Build.0 = Release|Any CPU
		{1AB4A33C-A171-4B7E-84E1-635B4249B4CC}.Release|Any CPU.Deploy.0 = Release|Any CPU
	EndGlobalSection
	GlobalSection(SolutionProperties) = preSolution
		HideSolutionNode = FALSE
	EndGlobalSection
	GlobalSection(NestedProjects) = preSolution
		{8E84E2A2-E960-4A7C-B00C-A54C5B49F90E} = {9745DF0D-03B1-45F6-9606-B427C713935B}
		{20DFFE6A-243B-4F84-9691-341B8BF20ED5} = {8E84E2A2-E960-4A7C-B00C-A54C5B49F90E}
		{0E2C8FF1-6EA7-4642-8531-CB4397A71B80} = {9745DF0D-03B1-45F6-9606-B427C713935B}
		{AB70D5BF-C35E-49D9-A469-F31FF407844E} = {0E2C8FF1-6EA7-4642-8531-CB4397A71B80}
		{A6163AFC-EE30-4A68-9334-2ACA3DFAFEDB} = {9745DF0D-03B1-45F6-9606-B427C713935B}
		{C6DAFEF7-2AD5-478D-B56A-685904CEE87F} = {A6163AFC-EE30-4A68-9334-2ACA3DFAFEDB}
		{1328BDDF-7DD0-4198-BF0C-916F98B59177} = {9745DF0D-03B1-45F6-9606-B427C713935B}
		{15241B39-9877-47F2-ADCB-CA0F588D9E7F} = {1328BDDF-7DD0-4198-BF0C-916F98B59177}
	EndGlobalSection
	GlobalSection(ExtensibilityGlobals) = postSolution
		SolutionGuid = {1C722080-7B60-4E9C-B2F3-2711F55CCCBB}
	EndGlobalSection
EndGlobal
